// !$*UTF8*$!
{
	archiveVersion = 1;
	classes = {
	};
	objectVersion = 56;
	objects = {

/* Begin PBXBuildFile section */
		1B30E3DF2A5BBFBE002D8644 /* Task.swift in Sources */ = {isa = PBXBuildFile; fileRef = 1B30E3DE2A5BBFBE002D8644 /* Task.swift */; };
		1B30E3E12A5BC050002D8644 /* TaskDataBase.swift in Sources */ = {isa = PBXBuildFile; fileRef = 1B30E3E02A5BC050002D8644 /* TaskDataBase.swift */; };
		1B30E3E32A5BC16B002D8644 /* TaskPresenter.swift in Sources */ = {isa = PBXBuildFile; fileRef = 1B30E3E22A5BC16B002D8644 /* TaskPresenter.swift */; };
		1B30E3E52A5BC908002D8644 /* TaskCollectionViewCell.swift in Sources */ = {isa = PBXBuildFile; fileRef = 1B30E3E42A5BC908002D8644 /* TaskCollectionViewCell.swift */; };
		1B4A47452A5A5D87006FBDE1 /* AppDelegate.swift in Sources */ = {isa = PBXBuildFile; fileRef = 1B4A47442A5A5D87006FBDE1 /* AppDelegate.swift */; };
		1B4A47472A5A5D87006FBDE1 /* SceneDelegate.swift in Sources */ = {isa = PBXBuildFile; fileRef = 1B4A47462A5A5D87006FBDE1 /* SceneDelegate.swift */; };
		1B4A47492A5A5D87006FBDE1 /* ListOfTaskView.swift in Sources */ = {isa = PBXBuildFile; fileRef = 1B4A47482A5A5D87006FBDE1 /* ListOfTaskView.swift */; };
		1B4A474C2A5A5D87006FBDE1 /* Main.storyboard in Resources */ = {isa = PBXBuildFile; fileRef = 1B4A474A2A5A5D87006FBDE1 /* Main.storyboard */; };
		1B4A474E2A5A5D88006FBDE1 /* Assets.xcassets in Resources */ = {isa = PBXBuildFile; fileRef = 1B4A474D2A5A5D88006FBDE1 /* Assets.xcassets */; };
		1B4A47512A5A5D88006FBDE1 /* LaunchScreen.storyboard in Resources */ = {isa = PBXBuildFile; fileRef = 1B4A474F2A5A5D88006FBDE1 /* LaunchScreen.storyboard */; };
/* End PBXBuildFile section */

/* Begin PBXFileReference section */
		1B30E3DE2A5BBFBE002D8644 /* Task.swift */ = {isa = PBXFileReference; lastKnownFileType = sourcecode.swift; path = Task.swift; sourceTree = "<group>"; };
		1B30E3E02A5BC050002D8644 /* TaskDataBase.swift */ = {isa = PBXFileReference; lastKnownFileType = sourcecode.swift; path = TaskDataBase.swift; sourceTree = "<group>"; };
		1B30E3E22A5BC16B002D8644 /* TaskPresenter.swift */ = {isa = PBXFileReference; lastKnownFileType = sourcecode.swift; path = TaskPresenter.swift; sourceTree = "<group>"; };
		1B30E3E42A5BC908002D8644 /* TaskCollectionViewCell.swift */ = {isa = PBXFileReference; lastKnownFileType = sourcecode.swift; path = TaskCollectionViewCell.swift; sourceTree = "<group>"; };
		1B4A47412A5A5D87006FBDE1 /* To-Do MVP Practice.app */ = {isa = PBXFileReference; explicitFileType = wrapper.application; includeInIndex = 0; path = "To-Do MVP Practice.app"; sourceTree = BUILT_PRODUCTS_DIR; };
		1B4A47442A5A5D87006FBDE1 /* AppDelegate.swift */ = {isa = PBXFileReference; lastKnownFileType = sourcecode.swift; path = AppDelegate.swift; sourceTree = "<group>"; };
		1B4A47462A5A5D87006FBDE1 /* SceneDelegate.swift */ = {isa = PBXFileReference; lastKnownFileType = sourcecode.swift; path = SceneDelegate.swift; sourceTree = "<group>"; };
		1B4A47482A5A5D87006FBDE1 /* ListOfTaskView.swift */ = {isa = PBXFileReference; lastKnownFileType = sourcecode.swift; path = ListOfTaskView.swift; sourceTree = "<group>"; };
		1B4A474B2A5A5D87006FBDE1 /* Base */ = {isa = PBXFileReference; lastKnownFileType = file.storyboard; name = Base; path = Base.lproj/Main.storyboard; sourceTree = "<group>"; };
		1B4A474D2A5A5D88006FBDE1 /* Assets.xcassets */ = {isa = PBXFileReference; lastKnownFileType = folder.assetcatalog; path = Assets.xcassets; sourceTree = "<group>"; };
		1B4A47502A5A5D88006FBDE1 /* Base */ = {isa = PBXFileReference; lastKnownFileType = file.storyboard; name = Base; path = Base.lproj/LaunchScreen.storyboard; sourceTree = "<group>"; };
		1B4A47522A5A5D88006FBDE1 /* Info.plist */ = {isa = PBXFileReference; lastKnownFileType = text.plist.xml; path = Info.plist; sourceTree = "<group>"; };
/* End PBXFileReference section */

/* Begin PBXFrameworksBuildPhase section */
		1B4A473E2A5A5D87006FBDE1 /* Frameworks */ = {
			isa = PBXFrameworksBuildPhase;
			buildActionMask = 2147483647;
			files = (
			);
			runOnlyForDeploymentPostprocessing = 0;
		};
/* End PBXFrameworksBuildPhase section */

/* Begin PBXGroup section */
		1B30E3DB2A5BBF49002D8644 /* View */ = {
			isa = PBXGroup;
			children = (
				1B4A47482A5A5D87006FBDE1 /* ListOfTaskView.swift */,
				1B30E3E42A5BC908002D8644 /* TaskCollectionViewCell.swift */,
			);
			path = View;
			sourceTree = "<group>";
		};
		1B30E3DC2A5BBF5A002D8644 /* Presenter */ = {
			isa = PBXGroup;
			children = (
				1B30E3E22A5BC16B002D8644 /* TaskPresenter.swift */,
			);
			path = Presenter;
			sourceTree = "<group>";
		};
		1B30E3DD2A5BBF61002D8644 /* Model */ = {
			isa = PBXGroup;
			children = (
				1B30E3DE2A5BBFBE002D8644 /* Task.swift */,
				1B30E3E02A5BC050002D8644 /* TaskDataBase.swift */,
			);
			path = Model;
			sourceTree = "<group>";
		};
		1B4A47382A5A5D87006FBDE1 = {
			isa = PBXGroup;
			children = (
				1B4A47432A5A5D87006FBDE1 /* To-Do MVP Practice */,
				1B4A47422A5A5D87006FBDE1 /* Products */,
			);
			sourceTree = "<group>";
		};
		1B4A47422A5A5D87006FBDE1 /* Products */ = {
			isa = PBXGroup;
			children = (
				1B4A47412A5A5D87006FBDE1 /* To-Do MVP Practice.app */,
			);
			name = Products;
			sourceTree = "<group>";
		};
		1B4A47432A5A5D87006FBDE1 /* To-Do MVP Practice */ = {
			isa = PBXGroup;
			children = (
				1B4A47442A5A5D87006FBDE1 /* AppDelegate.swift */,
				1B4A47462A5A5D87006FBDE1 /* SceneDelegate.swift */,
				1B30E3DD2A5BBF61002D8644 /* Model */,
				1B30E3DB2A5BBF49002D8644 /* View */,
				1B30E3DC2A5BBF5A002D8644 /* Presenter */,
				1B4A474A2A5A5D87006FBDE1 /* Main.storyboard */,
				1B4A474D2A5A5D88006FBDE1 /* Assets.xcassets */,
				1B4A474F2A5A5D88006FBDE1 /* LaunchScreen.storyboard */,
				1B4A47522A5A5D88006FBDE1 /* Info.plist */,
			);
			path = "To-Do MVP Practice";
			sourceTree = "<group>";
		};
/* End PBXGroup section */

/* Begin PBXNativeTarget section */
		1B4A47402A5A5D87006FBDE1 /* To-Do MVP Practice */ = {
			isa = PBXNativeTarget;
			buildConfigurationList = 1B4A47552A5A5D88006FBDE1 /* Build configuration list for PBXNativeTarget "To-Do MVP Practice" */;
			buildPhases = (
				1B4A473D2A5A5D87006FBDE1 /* Sources */,
				1B4A473E2A5A5D87006FBDE1 /* Frameworks */,
				1B4A473F2A5A5D87006FBDE1 /* Resources */,
			);
			buildRules = (
			);
			dependencies = (
			);
			name = "To-Do MVP Practice";
			productName = "To-Do MVP Practice";
			productReference = 1B4A47412A5A5D87006FBDE1 /* To-Do MVP Practice.app */;
			productType = "com.apple.product-type.application";
		};
/* End PBXNativeTarget section */

/* Begin PBXProject section */
		1B4A47392A5A5D87006FBDE1 /* Project object */ = {
			isa = PBXProject;
			attributes = {
				BuildIndependentTargetsInParallel = 1;
				LastSwiftUpdateCheck = 1420;
				LastUpgradeCheck = 1420;
				TargetAttributes = {
					1B4A47402A5A5D87006FBDE1 = {
						CreatedOnToolsVersion = 14.2;
					};
				};
			};
			buildConfigurationList = 1B4A473C2A5A5D87006FBDE1 /* Build configuration list for PBXProject "To-Do MVP Practice" */;
			compatibilityVersion = "Xcode 14.0";
			developmentRegion = en;
			hasScannedForEncodings = 0;
			knownRegions = (
				en,
				Base,
			);
			mainGroup = 1B4A47382A5A5D87006FBDE1;
			productRefGroup = 1B4A47422A5A5D87006FBDE1 /* Products */;
			projectDirPath = "";
			projectRoot = "";
			targets = (
				1B4A47402A5A5D87006FBDE1 /* To-Do MVP Practice */,
			);
		};
/* End PBXProject section */

/* Begin PBXResourcesBuildPhase section */
		1B4A473F2A5A5D87006FBDE1 /* Resources */ = {
			isa = PBXResourcesBuildPhase;
			buildActionMask = 2147483647;
			files = (
				1B4A47512A5A5D88006FBDE1 /* LaunchScreen.storyboard in Resources */,
				1B4A474E2A5A5D88006FBDE1 /* Assets.xcassets in Resources */,
				1B4A474C2A5A5D87006FBDE1 /* Main.storyboard in Resources */,
			);
			runOnlyForDeploymentPostprocessing = 0;
		};
/* End PBXResourcesBuildPhase section */

/* Begin PBXSourcesBuildPhase section */
		1B4A473D2A5A5D87006FBDE1 /* Sources */ = {
			isa = PBXSourcesBuildPhase;
			buildActionMask = 2147483647;
			files = (
				1B30E3E12A5BC050002D8644 /* TaskDataBase.swift in Sources */,
				1B30E3DF2A5BBFBE002D8644 /* Task.swift in Sources */,
				1B4A47492A5A5D87006FBDE1 /* ListOfTaskView.swift in Sources */,
				1B30E3E32A5BC16B002D8644 /* TaskPresenter.swift in Sources */,
				1B4A47452A5A5D87006FBDE1 /* AppDelegate.swift in Sources */,
				1B30E3E52A5BC908002D8644 /* TaskCollectionViewCell.swift in Sources */,
				1B4A47472A5A5D87006FBDE1 /* SceneDelegate.swift in Sources */,
			);
			runOnlyForDeploymentPostprocessing = 0;
		};
/* End PBXSourcesBuildPhase section */

/* Begin PBXVariantGroup section */
		1B4A474A2A5A5D87006FBDE1 /* Main.storyboard */ = {
			isa = PBXVariantGroup;
			children = (
				1B4A474B2A5A5D87006FBDE1 /* Base */,
			);
			name = Main.storyboard;
			sourceTree = "<group>";
		};
		1B4A474F2A5A5D88006FBDE1 /* LaunchScreen.storyboard */ = {
			isa = PBXVariantGroup;
			children = (
				1B4A47502A5A5D88006FBDE1 /* Base */,
			);
			name = LaunchScreen.storyboard;
			sourceTree = "<group>";
		};
/* End PBXVariantGroup section */

/* Begin XCBuildConfiguration section */
		1B4A47532A5A5D88006FBDE1 /* Debug */ = {
			isa = XCBuildConfiguration;
			buildSettings = {
				ALWAYS_SEARCH_USER_PATHS = NO;
				CLANG_ANALYZER_NONNULL = YES;
				CLANG_ANALYZER_NUMBER_OBJECT_CONVERSION = YES_AGGRESSIVE;
				CLANG_CXX_LANGUAGE_STANDARD = "gnu++20";
				CLANG_ENABLE_MODULES = YES;
				CLANG_ENABLE_OBJC_ARC = YES;
				CLANG_ENABLE_OBJC_WEAK = YES;
				CLANG_WARN_BLOCK_CAPTURE_AUTORELEASING = YES;
				CLANG_WARN_BOOL_CONVERSION = YES;
				CLANG_WARN_COMMA = YES;
				CLANG_WARN_CONSTANT_CONVERSION = YES;
				CLANG_WARN_DEPRECATED_OBJC_IMPLEMENTATIONS = YES;
				CLANG_WARN_DIRECT_OBJC_ISA_USAGE = YES_ERROR;
				CLANG_WARN_DOCUMENTATION_COMMENTS = YES;
				CLANG_WARN_EMPTY_BODY = YES;
				CLANG_WARN_ENUM_CONVERSION = YES;
				CLANG_WARN_INFINITE_RECURSION = YES;
				CLANG_WARN_INT_CONVERSION = YES;
				CLANG_WARN_NON_LITERAL_NULL_CONVERSION = YES;
				CLANG_WARN_OBJC_IMPLICIT_RETAIN_SELF = YES;
				CLANG_WARN_OBJC_LITERAL_CONVERSION = YES;
				CLANG_WARN_OBJC_ROOT_CLASS = YES_ERROR;
				CLANG_WARN_QUOTED_INCLUDE_IN_FRAMEWORK_HEADER = YES;
				CLANG_WARN_RANGE_LOOP_ANALYSIS = YES;
				CLANG_WARN_STRICT_PROTOTYPES = YES;
				CLANG_WARN_SUSPICIOUS_MOVE = YES;
				CLANG_WARN_UNGUARDED_AVAILABILITY = YES_AGGRESSIVE;
				CLANG_WARN_UNREACHABLE_CODE = YES;
				CLANG_WARN__DUPLICATE_METHOD_MATCH = YES;
				COPY_PHASE_STRIP = NO;
				DEBUG_INFORMATION_FORMAT = dwarf;
				ENABLE_STRICT_OBJC_MSGSEND = YES;
				ENABLE_TESTABILITY = YES;
				GCC_C_LANGUAGE_STANDARD = gnu11;
				GCC_DYNAMIC_NO_PIC = NO;
				GCC_NO_COMMON_BLOCKS = YES;
				GCC_OPTIMIZATION_LEVEL = 0;
				GCC_PREPROCESSOR_DEFINITIONS = (
					"DEBUG=1",
					"$(inherited)",
				);
				GCC_WARN_64_TO_32_BIT_CONVERSION = YES;
				GCC_WARN_ABOUT_RETURN_TYPE = YES_ERROR;
				GCC_WARN_UNDECLARED_SELECTOR = YES;
				GCC_WARN_UNINITIALIZED_AUTOS = YES_AGGRESSIVE;
				GCC_WARN_UNUSED_FUNCTION = YES;
				GCC_WARN_UNUSED_VARIABLE = YES;
				IPHONEOS_DEPLOYMENT_TARGET = 16.2;
				MTL_ENABLE_DEBUG_INFO = INCLUDE_SOURCE;
				MTL_FAST_MATH = YES;
				ONLY_ACTIVE_ARCH = YES;
				SDKROOT = iphoneos;
				SWIFT_ACTIVE_COMPILATION_CONDITIONS = DEBUG;
				SWIFT_OPTIMIZATION_LEVEL = "-Onone";
			};
			name = Debug;
		};
		1B4A47542A5A5D88006FBDE1 /* Release */ = {
			isa = XCBuildConfiguration;
			buildSettings = {
				ALWAYS_SEARCH_USER_PATHS = NO;
				CLANG_ANALYZER_NONNULL = YES;
				CLANG_ANALYZER_NUMBER_OBJECT_CONVERSION = YES_AGGRESSIVE;
				CLANG_CXX_LANGUAGE_STANDARD = "gnu++20";
				CLANG_ENABLE_MODULES = YES;
				CLANG_ENABLE_OBJC_ARC = YES;
				CLANG_ENABLE_OBJC_WEAK = YES;
				CLANG_WARN_BLOCK_CAPTURE_AUTORELEASING = YES;
				CLANG_WARN_BOOL_CONVERSION = YES;
				CLANG_WARN_COMMA = YES;
				CLANG_WARN_CONSTANT_CONVERSION = YES;
				CLANG_WARN_DEPRECATED_OBJC_IMPLEMENTATIONS = YES;
				CLANG_WARN_DIRECT_OBJC_ISA_USAGE = YES_ERROR;
				CLANG_WARN_DOCUMENTATION_COMMENTS = YES;
				CLANG_WARN_EMPTY_BODY = YES;
				CLANG_WARN_ENUM_CONVERSION = YES;
				CLANG_WARN_INFINITE_RECURSION = YES;
				CLANG_WARN_INT_CONVERSION = YES;
				CLANG_WARN_NON_LITERAL_NULL_CONVERSION = YES;
				CLANG_WARN_OBJC_IMPLICIT_RETAIN_SELF = YES;
				CLANG_WARN_OBJC_LITERAL_CONVERSION = YES;
				CLANG_WARN_OBJC_ROOT_CLASS = YES_ERROR;
				CLANG_WARN_QUOTED_INCLUDE_IN_FRAMEWORK_HEADER = YES;
				CLANG_WARN_RANGE_LOOP_ANALYSIS = YES;
				CLANG_WARN_STRICT_PROTOTYPES = YES;
				CLANG_WARN_SUSPICIOUS_MOVE = YES;
				CLANG_WARN_UNGUARDED_AVAILABILITY = YES_AGGRESSIVE;
				CLANG_WARN_UNREACHABLE_CODE = YES;
				CLANG_WARN__DUPLICATE_METHOD_MATCH = YES;
				COPY_PHASE_STRIP = NO;
				DEBUG_INFORMATION_FORMAT = "dwarf-with-dsym";
				ENABLE_NS_ASSERTIONS = NO;
				ENABLE_STRICT_OBJC_MSGSEND = YES;
				GCC_C_LANGUAGE_STANDARD = gnu11;
				GCC_NO_COMMON_BLOCKS = YES;
				GCC_WARN_64_TO_32_BIT_CONVERSION = YES;
				GCC_WARN_ABOUT_RETURN_TYPE = YES_ERROR;
				GCC_WARN_UNDECLARED_SELECTOR = YES;
				GCC_WARN_UNINITIALIZED_AUTOS = YES_AGGRESSIVE;
				GCC_WARN_UNUSED_FUNCTION = YES;
				GCC_WARN_UNUSED_VARIABLE = YES;
				IPHONEOS_DEPLOYMENT_TARGET = 16.2;
				MTL_ENABLE_DEBUG_INFO = NO;
				MTL_FAST_MATH = YES;
				SDKROOT = iphoneos;
				SWIFT_COMPILATION_MODE = wholemodule;
				SWIFT_OPTIMIZATION_LEVEL = "-O";
				VALIDATE_PRODUCT = YES;
			};
			name = Release;
		};
		1B4A47562A5A5D88006FBDE1 /* Debug */ = {
			isa = XCBuildConfiguration;
			buildSettings = {
				ASSETCATALOG_COMPILER_APPICON_NAME = AppIcon;
				ASSETCATALOG_COMPILER_GLOBAL_ACCENT_COLOR_NAME = AccentColor;
				CODE_SIGN_STYLE = Automatic;
				CURRENT_PROJECT_VERSION = 1;
				DEVELOPMENT_TEAM = 6TZABA79CL;
				GENERATE_INFOPLIST_FILE = YES;
				INFOPLIST_FILE = "To-Do MVP Practice/Info.plist";
				INFOPLIST_KEY_CFBundleDisplayName = "ToDo App";
				INFOPLIST_KEY_UIApplicationSupportsIndirectInputEvents = YES;
				INFOPLIST_KEY_UILaunchStoryboardName = LaunchScreen;
				INFOPLIST_KEY_UIMainStoryboardFile = Main;
				INFOPLIST_KEY_UISupportedInterfaceOrientations_iPad = "UIInterfaceOrientationPortrait UIInterfaceOrientationPortraitUpsideDown UIInterfaceOrientationLandscapeLeft UIInterfaceOrientationLandscapeRight";
				INFOPLIST_KEY_UISupportedInterfaceOrientations_iPhone = "UIInterfaceOrientationPortrait UIInterfaceOrientationLandscapeLeft UIInterfaceOrientationLandscapeRight";
				LD_RUNPATH_SEARCH_PATHS = (
					"$(inherited)",
					"@executable_path/Frameworks",
				);
				MARKETING_VERSION = 1.0;
				PRODUCT_BUNDLE_IDENTIFIER = "com.davidlondonog.To-Do-MVP-Practice";
				PRODUCT_NAME = "$(TARGET_NAME)";
				SWIFT_EMIT_LOC_STRINGS = YES;
				SWIFT_VERSION = 5.0;
				TARGETED_DEVICE_FAMILY = "1,2";
			};
			name = Debug;
		};
		1B4A47572A5A5D88006FBDE1 /* Release */ = {
			isa = XCBuildConfiguration;
			buildSettings = {
				ASSETCATALOG_COMPILER_APPICON_NAME = AppIcon;
				ASSETCATALOG_COMPILER_GLOBAL_ACCENT_COLOR_NAME = AccentColor;
				CODE_SIGN_STYLE = Automatic;
				CURRENT_PROJECT_VERSION = 1;
				DEVELOPMENT_TEAM = 6TZABA79CL;
				GENERATE_INFOPLIST_FILE = YES;
				INFOPLIST_FILE = "To-Do MVP Practice/Info.plist";
				INFOPLIST_KEY_CFBundleDisplayName = "ToDo App";
				INFOPLIST_KEY_UIApplicationSupportsIndirectInputEvents = YES;
				INFOPLIST_KEY_UILaunchStoryboardName = LaunchScreen;
				INFOPLIST_KEY_UIMainStoryboardFile = Main;
				INFOPLIST_KEY_UISupportedInterfaceOrientations_iPad = "UIInterfaceOrientationPortrait UIInterfaceOrientationPortraitUpsideDown UIInterfaceOrientationLandscapeLeft UIInterfaceOrientationLandscapeRight";
				INFOPLIST_KEY_UISupportedInterfaceOrientations_iPhone = "UIInterfaceOrientationPortrait UIInterfaceOrientationLandscapeLeft UIInterfaceOrientationLandscapeRight";
				LD_RUNPATH_SEARCH_PATHS = (
					"$(inherited)",
					"@executable_path/Frameworks",
				);
				MARKETING_VERSION = 1.0;
				PRODUCT_BUNDLE_IDENTIFIER = "com.davidlondonog.To-Do-MVP-Practice";
				PRODUCT_NAME = "$(TARGET_NAME)";
				SWIFT_EMIT_LOC_STRINGS = YES;
				SWIFT_VERSION = 5.0;
				TARGETED_DEVICE_FAMILY = "1,2";
			};
			name = Release;
		};
/* End XCBuildConfiguration section */

/* Begin XCConfigurationList section */
		1B4A473C2A5A5D87006FBDE1 /* Build configuration list for PBXProject "To-Do MVP Practice" */ = {
			isa = XCConfigurationList;
			buildConfigurations = (
				1B4A47532A5A5D88006FBDE1 /* Debug */,
				1B4A47542A5A5D88006FBDE1 /* Release */,
			);
			defaultConfigurationIsVisible = 0;
			defaultConfigurationName = Release;
		};
		1B4A47552A5A5D88006FBDE1 /* Build configuration list for PBXNativeTarget "To-Do MVP Practice" */ = {
			isa = XCConfigurationList;
			buildConfigurations = (
				1B4A47562A5A5D88006FBDE1 /* Debug */,
				1B4A47572A5A5D88006FBDE1 /* Release */,
			);
			defaultConfigurationIsVisible = 0;
			defaultConfigurationName = Release;
		};
/* End XCConfigurationList section */
	};
	rootObject = 1B4A47392A5A5D87006FBDE1 /* Project object */;
}
